
Microsoft Visual Studio Solution File, Format Version 12.00
# Visual Studio Version 17
VisualStudioVersion = 17.11.35208.52
MinimumVisualStudioVersion = 10.0.40219.1
Project("{FAE04EC0-301F-11D3-BF4B-00C04F79EFBC}") = "Abstraction-AbstractClass", "Abstraction-AbstractClass.csproj", "{0ACCD3BB-1912-4CC2-81F0-EB79BF2BCDDC}"
EndProject
Global
	GlobalSection(SolutionConfigurationPlatforms) = preSolution
		Debug|Any CPU = Debug|Any CPU
		Release|Any CPU = Release|Any CPU
	EndGlobalSection
	GlobalSection(ProjectConfigurationPlatforms) = postSolution
		{0ACCD3BB-1912-4CC2-81F0-EB79BF2BCDDC}.Debug|Any CPU.ActiveCfg = Debug|Any CPU
		{0ACCD3BB-1912-4CC2-81F0-EB79BF2BCDDC}.Debug|Any CPU.Build.0 = Debug|Any CPU
		{0ACCD3BB-1912-4CC2-81F0-EB79BF2BCDDC}.Release|Any CPU.ActiveCfg = Release|Any CPU
		{0ACCD3BB-1912-4CC2-81F0-EB79BF2BCDDC}.Release|Any CPU.Build.0 = Release|Any CPU
	EndGlobalSection
	GlobalSection(SolutionProperties) = preSolution
		HideSolutionNode = FALSE
	EndGlobalSection
	GlobalSection(ExtensibilityGlobals) = postSolution
		SolutionGuid = {6438B8FA-C13C-4C36-8ECA-06B971D987FA}
	EndGlobalSection
EndGlobal
